{
  "name": "ft_transcendence",
  "lockfileVersion": 3,
  "requires": true,
  "packages": {
    "": {
      "dependencies": {
        "pixi-filters": "^5.3.0"
      }
    },
    "node_modules/@pixi/color": {
      "version": "7.4.0",
      "resolved": "https://registry.npmjs.org/@pixi/color/-/color-7.4.0.tgz",
      "integrity": "sha512-Qgn3OSW9SFCQ8wrm524anENwIAeRTORC014LkTqaBQrpuOUHrx11SCy4kNFaQyZWO1DCTe4m8g/foCK7zJM7cg==",
      "peer": true,
      "dependencies": {
        "@pixi/colord": "^2.9.6"
      }
    },
    "node_modules/@pixi/colord": {
      "version": "2.9.6",
      "resolved": "https://registry.npmjs.org/@pixi/colord/-/colord-2.9.6.tgz",
      "integrity": "sha512-nezytU2pw587fQstUu1AsJZDVEynjskwOL+kibwcdxsMBFqPsFFNA7xl0ii/gXuDi6M0xj3mfRJj8pBSc2jCfA==",
      "peer": true
    },
    "node_modules/@pixi/constants": {
      "version": "7.4.0",
      "resolved": "https://registry.npmjs.org/@pixi/constants/-/constants-7.4.0.tgz",
      "integrity": "sha512-jQMPMRqkOTjI4D0cHWqvu+pofw6bIa8861x2vp2kNsmM2zcBO/b01AlmILi5pEDk0nTumgzgmVHZ7dtT9KxfQw==",
      "peer": true
    },
    "node_modules/@pixi/core": {
      "version": "7.4.0",
      "resolved": "https://registry.npmjs.org/@pixi/core/-/core-7.4.0.tgz",
      "integrity": "sha512-X6UiDzmdd2oRK3zQggDrWNIlw5rjZakByRIwI6MRgj17FGkpNkCY78dO1snZ6qnpUoo5M03aSUCFCfq6LKA5Bg==",
      "peer": true,
      "dependencies": {
        "@pixi/color": "7.4.0",
        "@pixi/constants": "7.4.0",
        "@pixi/extensions": "7.4.0",
        "@pixi/math": "7.4.0",
        "@pixi/runner": "7.4.0",
        "@pixi/settings": "7.4.0",
        "@pixi/ticker": "7.4.0",
        "@pixi/utils": "7.4.0"
      },
      "funding": {
        "type": "opencollective",
        "url": "https://opencollective.com/pixijs"
      }
    },
    "node_modules/@pixi/extensions": {
      "version": "7.4.0",
      "resolved": "https://registry.npmjs.org/@pixi/extensions/-/extensions-7.4.0.tgz",
      "integrity": "sha512-bX0aw6z2D9bJ5NOsrbuWXnBR7sy2z+dyq2EQ2/t0dF6Si764r8FiA0QUGFn9NJO1FTnB9LLjz7q4c0XaWF3mcg==",
      "peer": true
    },
    "node_modules/@pixi/filter-adjustment": {
      "version": "5.1.1",
      "resolved": "https://registry.npmjs.org/@pixi/filter-adjustment/-/filter-adjustment-5.1.1.tgz",
      "integrity": "sha512-AUHe03rmqXwV1ylAHq62t19AolPWOOYomCcL+Qycb1tf+LbM8FWpGXC6wmU1PkUrhgNc958uM9TrA9nRpplViA==",
      "peerDependencies": {
        "@pixi/core": "^7.0.0-X"
      }
    },
    "node_modules/@pixi/filter-advanced-bloom": {
      "version": "5.1.1",
      "resolved": "https://registry.npmjs.org/@pixi/filter-advanced-bloom/-/filter-advanced-bloom-5.1.1.tgz",
      "integrity": "sha512-C5AWmkWKvoYvJ+600qS7rC81E1X1clvrQLw4QE4IiFec5j1b07KhKE78w/BSRYMrBVa0cQ/ju0J1f7XoQYJfdQ==",
      "dependencies": {
        "@pixi/filter-kawase-blur": "5.1.1"
      },
      "peerDependencies": {
        "@pixi/core": "^7.0.0-X"
      }
    },
    "node_modules/@pixi/filter-alpha": {
      "version": "7.4.0",
      "resolved": "https://registry.npmjs.org/@pixi/filter-alpha/-/filter-alpha-7.4.0.tgz",
      "integrity": "sha512-1KjdTcU4drduzF1HDu1clxZgM7b6lfE1CKESlY5CizJSMMGcycOUQRq/TWK54xrsJTyPWwNu5ojma6dcIqLOrw==",
      "peer": true,
      "peerDependencies": {
        "@pixi/core": "7.4.0"
      }
    },
    "node_modules/@pixi/filter-ascii": {
      "version": "5.1.1",
      "resolved": "https://registry.npmjs.org/@pixi/filter-ascii/-/filter-ascii-5.1.1.tgz",
      "integrity": "sha512-uGfpd7aYZuiEzkBH8asL/2j7L/7k/jCZRURjAU9c0unWlkagwIjvUwoPMsdzPNMh2DNQzCG1FPWseSbRFjUNow==",
      "peerDependencies": {
        "@pixi/core": "^7.0.0-X"
      }
    },
    "node_modules/@pixi/filter-bevel": {
      "version": "5.1.1",
      "resolved": "https://registry.npmjs.org/@pixi/filter-bevel/-/filter-bevel-5.1.1.tgz",
      "integrity": "sha512-UGik6YEW+fnzVu1DV8ctbxS7eClJQzqaM2sPYI0MopaEE2mW35yjAcg9py9Kwx27BX8FniVRqtJOyKEw1A3mBA==",
      "peerDependencies": {
        "@pixi/core": "^7.0.0-X"
      }
    },
    "node_modules/@pixi/filter-bloom": {
      "version": "5.1.1",
      "resolved": "https://registry.npmjs.org/@pixi/filter-bloom/-/filter-bloom-5.1.1.tgz",
      "integrity": "sha512-4/i+tMxAQdgezahxsVCqzkAyBAH4TxtuY/zo1wuCJybEqkKFIzOJ76Y4R/lJevEHS9CGpCTrvjRpup0Hze8k0Q==",
      "peerDependencies": {
        "@pixi/core": "^7.0.0-X",
        "@pixi/filter-alpha": "^7.0.0-X",
        "@pixi/filter-blur": "^7.0.0-X"
      }
    },
    "node_modules/@pixi/filter-blur": {
      "version": "7.4.0",
      "resolved": "https://registry.npmjs.org/@pixi/filter-blur/-/filter-blur-7.4.0.tgz",
      "integrity": "sha512-XUrhswyuc4+flpDL0fQcRuei8ctgYCdTxCuetSqpS+qdf4gOJyq5UyCwDycJiudZD6+R23svUX5OQOPwkWTsNA==",
      "peer": true,
      "peerDependencies": {
        "@pixi/core": "7.4.0"
      }
    },
    "node_modules/@pixi/filter-bulge-pinch": {
      "version": "5.1.1",
      "resolved": "https://registry.npmjs.org/@pixi/filter-bulge-pinch/-/filter-bulge-pinch-5.1.1.tgz",
      "integrity": "sha512-80I3g813td7Fnzi7IJSiR3z8gZlKblk6WN+5z6WnscQROcNEpck6lgWS/Lf/IdeHB/FtUKJCbx7RzxkUhiRTvA==",
      "peerDependencies": {
        "@pixi/core": "^7.0.0-X"
      }
    },
    "node_modules/@pixi/filter-color-gradient": {
      "version": "5.3.0",
      "resolved": "https://registry.npmjs.org/@pixi/filter-color-gradient/-/filter-color-gradient-5.3.0.tgz",
      "integrity": "sha512-dMgBVkSsHOcmTs7HCmlO2hURsk7sT5sOUfnDw46iGqzGgQ+10gCZNaa/oybrDiyEkj+ijyVQVHwapHS3KUgAUQ==",
      "peerDependencies": {
        "@pixi/core": "^7.0.0-X"
      }
    },
    "node_modules/@pixi/filter-color-map": {
      "version": "5.1.1",
      "resolved": "https://registry.npmjs.org/@pixi/filter-color-map/-/filter-color-map-5.1.1.tgz",
      "integrity": "sha512-WvDKvweXkg/t9t40thFlN1d/kUrWXGsxpRpFPNmkrZF6hNxdRjqgfg4wxUOev7uZwHIjcZtTfoLRKhJjF+1uqw==",
      "peerDependencies": {
        "@pixi/core": "^7.0.0-X"
      }
    },
    "node_modules/@pixi/filter-color-overlay": {
      "version": "5.1.1",
      "resolved": "https://registry.npmjs.org/@pixi/filter-color-overlay/-/filter-color-overlay-5.1.1.tgz",
      "integrity": "sha512-u8xuWsUePQ1NFBqpxDAFEujW4kImFIIvlp4D2xbRZqJ0RRbeeKEW31Sk4cxl1yFJKWIq0XLyT/TAepT9iIlEXg==",
      "peerDependencies": {
        "@pixi/core": "^7.0.0-X"
      }
    },
    "node_modules/@pixi/filter-color-replace": {
      "version": "5.1.1",
      "resolved": "https://registry.npmjs.org/@pixi/filter-color-replace/-/filter-color-replace-5.1.1.tgz",
      "integrity": "sha512-t+FEEnuqvlU1cKMSe8939tIGCNJsqpyc7o5BzIunMxsZsHjMQWzZtWQKls+FSdSlFyk2TWYSXWAxtj2VBzBZBg==",
      "peerDependencies": {
        "@pixi/core": "^7.0.0-X"
      }
    },
    "node_modules/@pixi/filter-convolution": {
      "version": "5.1.1",
      "resolved": "https://registry.npmjs.org/@pixi/filter-convolution/-/filter-convolution-5.1.1.tgz",
      "integrity": "sha512-68NNa7lXBFlRgP/ac/L/0bKk/9QvU8urh7CEeOnR9WJxjymglbAa0nM69TBlhg++Fus3t7Mz/jc/GIfPJ/VL6Q==",
      "peerDependencies": {
        "@pixi/core": "^7.0.0-X"
      }
    },
    "node_modules/@pixi/filter-cross-hatch": {
      "version": "5.1.1",
      "resolved": "https://registry.npmjs.org/@pixi/filter-cross-hatch/-/filter-cross-hatch-5.1.1.tgz",
      "integrity": "sha512-g1hPHZYmGBpZtGojOtUOBWH6tqhtQGDo5xAp3o3gwmn2QnY087ZiYWFHF5ml+nTL62fEJ78uIpODscz4Y04e8w==",
      "peerDependencies": {
        "@pixi/core": "^7.0.0-X"
      }
    },
    "node_modules/@pixi/filter-crt": {
      "version": "5.1.1",
      "resolved": "https://registry.npmjs.org/@pixi/filter-crt/-/filter-crt-5.1.1.tgz",
      "integrity": "sha512-w+rRbR7eTsPf18QPB68Wiyx8laC+v7fYb3hRVhnq/j6yRUJKQgg4HK5KLP9jfUJ9FJvxy4bzLSDQulvxbOMJZg==",
      "peerDependencies": {
        "@pixi/core": "^7.0.0-X"
      }
    },
    "node_modules/@pixi/filter-dot": {
      "version": "5.1.1",
      "resolved": "https://registry.npmjs.org/@pixi/filter-dot/-/filter-dot-5.1.1.tgz",
      "integrity": "sha512-w3g6bumHzZgv9ktzegEWQS7OWuHH0QG76sbg/hZBy5K01dyuGAe1uUUnzVN5hZuFTD6q77T2UPlifhNI5j4ixg==",
      "peerDependencies": {
        "@pixi/core": "^7.0.0-X"
      }
    },
    "node_modules/@pixi/filter-drop-shadow": {
      "version": "5.2.0",
      "resolved": "https://registry.npmjs.org/@pixi/filter-drop-shadow/-/filter-drop-shadow-5.2.0.tgz",
      "integrity": "sha512-cYS2KDER7cwCu0V4VNSxTHGvzmNcEXdC9j3031YBOkUAE3+p17LMS/TAt6XeMfJV7KaPuusvXy2NFgGkv3RDbw==",
      "dependencies": {
        "@pixi/filter-kawase-blur": "5.1.1"
      },
      "peerDependencies": {
        "@pixi/core": "^7.0.0-X"
      }
    },
    "node_modules/@pixi/filter-emboss": {
      "version": "5.1.1",
      "resolved": "https://registry.npmjs.org/@pixi/filter-emboss/-/filter-emboss-5.1.1.tgz",
      "integrity": "sha512-AoAFVzrMcCXldU+27hvJ95tcKNOVLnanlq1z838l2SzYGgso+ICbLauUz+o2PL/znudUJE6oky+I6WJzeavDsQ==",
      "peerDependencies": {
        "@pixi/core": "^7.0.0-X"
      }
    },
    "node_modules/@pixi/filter-glitch": {
      "version": "5.1.1",
      "resolved": "https://registry.npmjs.org/@pixi/filter-glitch/-/filter-glitch-5.1.1.tgz",
      "integrity": "sha512-pl6jOQlzQGg6NwqCwlgioYhlwue2OSRBGByDzh6Y6Y/qxMBuzQi7W56GunhQW79Kpvj9ynDLAGxomvZsrX88qg==",
      "peerDependencies": {
        "@pixi/core": "^7.0.0-X"
      }
    },
    "node_modules/@pixi/filter-glow": {
      "version": "5.2.1",
      "resolved": "https://registry.npmjs.org/@pixi/filter-glow/-/filter-glow-5.2.1.tgz",
      "integrity": "sha512-94I4XePDF9yqqA6KQuhPSphEHPJ2lXfqJLn0Bes8VVdwft0Ianj1wALqjoSUeBWqiJbhjBEXGDNkRZhPHvY3Xg==",
      "peerDependencies": {
        "@pixi/core": "^7.0.0-X"
      }
    },
    "node_modules/@pixi/filter-godray": {
      "version": "5.1.1",
      "resolved": "https://registry.npmjs.org/@pixi/filter-godray/-/filter-godray-5.1.1.tgz",
      "integrity": "sha512-JCvNiKBF/01VyaBYzeusULg+h6kmBaYg0NruHwe/FaJMWCRIPOUBHMQIUavJR0JGE5s6bEIR8kRtdpf3RHiwqw==",
      "peerDependencies": {
        "@pixi/core": "^7.0.0-X"
      }
    },
    "node_modules/@pixi/filter-grayscale": {
      "version": "5.1.1",
      "resolved": "https://registry.npmjs.org/@pixi/filter-grayscale/-/filter-grayscale-5.1.1.tgz",
      "integrity": "sha512-tRyggOhTdAQlQpgH/IzjCbORICua/Gm0JkKGOcdDQOHqt4bTVvAehQ59e2+A6A1yA8pevu2L/C25qQhsPgNW9w==",
      "peerDependencies": {
        "@pixi/core": "^7.0.0-X"
      }
    },
    "node_modules/@pixi/filter-hsl-adjustment": {
      "version": "5.3.0",
      "resolved": "https://registry.npmjs.org/@pixi/filter-hsl-adjustment/-/filter-hsl-adjustment-5.3.0.tgz",
      "integrity": "sha512-F7gNLrPADGHkToX5toAp0yYs7FenVtHvbC6oC8fydu7/cuDmH0noobI6ShqTcdWJpJbBk1i9LMS93ifiz/13Aw==",
      "peerDependencies": {
        "@pixi/core": "^7.0.0-X"
      }
    },
    "node_modules/@pixi/filter-kawase-blur": {
      "version": "5.1.1",
      "resolved": "https://registry.npmjs.org/@pixi/filter-kawase-blur/-/filter-kawase-blur-5.1.1.tgz",
      "integrity": "sha512-nPnJ1ChBFP+4pgFCwC0RJgHAJCetiHcQU3INH7zCdq88cFABmVmhN+wCKRNg4H7lF1EJjaXgFDkTrTreOD/bnw==",
      "peerDependencies": {
        "@pixi/core": "^7.0.0-X"
      }
    },
    "node_modules/@pixi/filter-motion-blur": {
      "version": "5.1.1",
      "resolved": "https://registry.npmjs.org/@pixi/filter-motion-blur/-/filter-motion-blur-5.1.1.tgz",
      "integrity": "sha512-I94s3pW2GutjCyXiKQ/dI4Vl9JKne+Q8QgGRn1mrk0Uwg6DDO/OQI3jqv01S+SCTU3LZqhR/p8AQyxeDmOhr2w==",
      "peerDependencies": {
        "@pixi/core": "^7.0.0-X"
      }
    },
    "node_modules/@pixi/filter-multi-color-replace": {
      "version": "5.1.1",
      "resolved": "https://registry.npmjs.org/@pixi/filter-multi-color-replace/-/filter-multi-color-replace-5.1.1.tgz",
      "integrity": "sha512-P1shsJXEOpJGe9FdCUgCMi/nius86lBfb6cDIFM4oXdZfzuBUfWjZfUm7uofOvK7IWSrlXYrYoqp75H0XrLZ8A==",
      "peerDependencies": {
        "@pixi/core": "^7.0.0-X"
      }
    },
    "node_modules/@pixi/filter-old-film": {
      "version": "5.1.1",
      "resolved": "https://registry.npmjs.org/@pixi/filter-old-film/-/filter-old-film-5.1.1.tgz",
      "integrity": "sha512-Jgq3eLbcQW48o+YxLe8+T4vsQrvBnKrZAHS3cu3yc2aBLaiVIj8EfYP3vpOPjkQlZ7JVRZNdELpYA6KCR+abXw==",
      "peerDependencies": {
        "@pixi/core": "^7.0.0-X"
      }
    },
    "node_modules/@pixi/filter-outline": {
      "version": "5.2.0",
      "resolved": "https://registry.npmjs.org/@pixi/filter-outline/-/filter-outline-5.2.0.tgz",
      "integrity": "sha512-xKfAouhZNKl6A0RvxT5i+2/ean7r16dE/QswwIkbWvr2hhHlp4p9U6XsqdgUERCDxK+IZibMAumbWs4DGxOUeQ==",
      "peerDependencies": {
        "@pixi/core": "^7.0.0-X"
      }
    },
    "node_modules/@pixi/filter-pixelate": {
      "version": "5.1.1",
      "resolved": "https://registry.npmjs.org/@pixi/filter-pixelate/-/filter-pixelate-5.1.1.tgz",
      "integrity": "sha512-qTs0Sv10aIbMFW//BPlhcFh1ByyKiVmvXfytYTTXNLrlK5DU3H3x8Pgy5Vy4lacS9VtOO69/CQ1QObBFCHnEBQ==",
      "peerDependencies": {
        "@pixi/core": "^7.0.0-X"
      }
    },
    "node_modules/@pixi/filter-radial-blur": {
      "version": "5.1.1",
      "resolved": "https://registry.npmjs.org/@pixi/filter-radial-blur/-/filter-radial-blur-5.1.1.tgz",
      "integrity": "sha512-q6RreUM+RO25HZaxc6ceEOSi6chadv8vrCOvupNLSY+1lvXue0KyFK6vxMcMInNdqRGYWSyJ+ql3RyHMTr93aw==",
      "peerDependencies": {
        "@pixi/core": "^7.0.0-X"
      }
    },
    "node_modules/@pixi/filter-reflection": {
      "version": "5.1.1",
      "resolved": "https://registry.npmjs.org/@pixi/filter-reflection/-/filter-reflection-5.1.1.tgz",
      "integrity": "sha512-ksmfrRfBqXZ+rEFuA0l2tf4k+yzTU8VcNMuhW7U+ggkWOP2OEHga+oOlJg6TnHjOEbxudCpag5Us6e9aCeKpEw==",
      "peerDependencies": {
        "@pixi/core": "^7.0.0-X"
      }
    },
    "node_modules/@pixi/filter-rgb-split": {
      "version": "5.1.1",
      "resolved": "https://registry.npmjs.org/@pixi/filter-rgb-split/-/filter-rgb-split-5.1.1.tgz",
      "integrity": "sha512-DEeAYoPU2lbUTeNYK8e6q89jqtLeUYSkEdFK/a9IyxYkvJP2CPk+nVXIe48v3wORUf5DdP20k6yQzqoPZyP3ww==",
      "peerDependencies": {
        "@pixi/core": "^7.0.0-X"
      }
    },
    "node_modules/@pixi/filter-shockwave": {
      "version": "5.1.1",
      "resolved": "https://registry.npmjs.org/@pixi/filter-shockwave/-/filter-shockwave-5.1.1.tgz",
      "integrity": "sha512-ovzOdAC2LCyWdxJC5PW97wSzHTNfjmKq4c/61cIO4sZp+9DB6n3b/6Rrad2jU346UATtM6K2XkmPY5p7SrRRXA==",
      "peerDependencies": {
        "@pixi/core": "^7.0.0-X"
      }
    },
    "node_modules/@pixi/filter-simple-lightmap": {
      "version": "5.1.1",
      "resolved": "https://registry.npmjs.org/@pixi/filter-simple-lightmap/-/filter-simple-lightmap-5.1.1.tgz",
      "integrity": "sha512-S3cHUgbVvUgeef93f3trdL50+162Nyqa7DBYufkGw0dPjPecXyjTH47GJzxDqQPooRwHWWUG9W5EYC+XEwlV9w==",
      "peerDependencies": {
        "@pixi/core": "^7.0.0-X"
      }
    },
    "node_modules/@pixi/filter-tilt-shift": {
      "version": "5.2.0",
      "resolved": "https://registry.npmjs.org/@pixi/filter-tilt-shift/-/filter-tilt-shift-5.2.0.tgz",
      "integrity": "sha512-bCQE/BTGsqu8EhRMyiGg+9/FXsPBYxjfODbGTWWQNsXtbFVqZXvg1vEjUZQXvuso1v/Fh/BtZ3u+t2kFfWpBXA==",
      "peerDependencies": {
        "@pixi/core": "^7.0.0-X"
      }
    },
    "node_modules/@pixi/filter-twist": {
      "version": "5.1.1",
      "resolved": "https://registry.npmjs.org/@pixi/filter-twist/-/filter-twist-5.1.1.tgz",
      "integrity": "sha512-ZUxLmSHu7ZcP1OYmO9EsKgWDV/Ophf622N7YVei4opBrj/gBMuQZNvFIfnsm4l8yhqAwwzndSTVLNehq1A2ONw==",
      "peerDependencies": {
        "@pixi/core": "^7.0.0-X"
      }
    },
    "node_modules/@pixi/filter-zoom-blur": {
      "version": "5.1.1",
      "resolved": "https://registry.npmjs.org/@pixi/filter-zoom-blur/-/filter-zoom-blur-5.1.1.tgz",
      "integrity": "sha512-0n10xOqACC2vm9Lpsq37Y/edDvp/B7xsBdkuWxeCI7Ta7J22fsJ8IHG1iUyxgdZGa+SCPcKiFoTrYEUu5PLCpA==",
      "peerDependencies": {
        "@pixi/core": "^7.0.0-X"
      }
    },
    "node_modules/@pixi/math": {
      "version": "7.4.0",
      "resolved": "https://registry.npmjs.org/@pixi/math/-/math-7.4.0.tgz",
      "integrity": "sha512-9WCWKX5z/VOYGpsnXXQ73vg/IT+bUXCLO6miXuS5YPXNfw9RpvdV4ZgFmuQwPNM7wfFk5T7Uvfr8ZJRBCfKhZw==",
      "peer": true
    },
    "node_modules/@pixi/runner": {
      "version": "7.4.0",
      "resolved": "https://registry.npmjs.org/@pixi/runner/-/runner-7.4.0.tgz",
      "integrity": "sha512-TIfocv2TD4xHOiGSpeu2y3GMN09cKEpxiS/rswdCU/aacfgSyvjEmskL/dbq/PSA4FCmjVHLyjgNPvd79WPZhQ==",
      "peer": true
    },
    "node_modules/@pixi/settings": {
      "version": "7.4.0",
      "resolved": "https://registry.npmjs.org/@pixi/settings/-/settings-7.4.0.tgz",
      "integrity": "sha512-ODWmSVfLnn384xFsXp+NNV6mQ+AwoeI4FtN+tMcJ+w/qQTi+eq6VLIpgqNx2Z/TJESI4HY4jxL6qz4SJEs7SMA==",
      "peer": true,
      "dependencies": {
        "@pixi/constants": "7.4.0",
        "@types/css-font-loading-module": "^0.0.12",
        "ismobilejs": "^1.1.0"
      }
    },
    "node_modules/@pixi/ticker": {
      "version": "7.4.0",
      "resolved": "https://registry.npmjs.org/@pixi/ticker/-/ticker-7.4.0.tgz",
      "integrity": "sha512-GaDmk27tEpPfUVgVTNQWGuOYGu6ehqmVSGxecCv4No5KHP52+LihTC4YHO06zRxfyrIOgafooDL/vQiEMqas8g==",
      "peer": true,
      "dependencies": {
        "@pixi/extensions": "7.4.0",
        "@pixi/settings": "7.4.0",
        "@pixi/utils": "7.4.0"
      }
    },
    "node_modules/@pixi/utils": {
      "version": "7.4.0",
      "resolved": "https://registry.npmjs.org/@pixi/utils/-/utils-7.4.0.tgz",
      "integrity": "sha512-VBnxNGGg/uj7k1wmvyNZei2qpbFNN/kdQ2/mwNXJtFcFymVfijNZWRUNobpSRE/yHx40WGYzSm3ZJZrF4WxFzA==",
      "peer": true,
      "dependencies": {
        "@pixi/color": "7.4.0",
        "@pixi/constants": "7.4.0",
        "@pixi/settings": "7.4.0",
        "@types/earcut": "^2.1.0",
        "earcut": "^2.2.4",
        "eventemitter3": "^4.0.0",
        "url": "^0.11.0"
      }
    },
    "node_modules/@types/css-font-loading-module": {
      "version": "0.0.12",
      "resolved": "https://registry.npmjs.org/@types/css-font-loading-module/-/css-font-loading-module-0.0.12.tgz",
      "integrity": "sha512-x2tZZYkSxXqWvTDgveSynfjq/T2HyiZHXb00j/+gy19yp70PHCizM48XFdjBCWH7eHBD0R5i/pw9yMBP/BH5uA==",
      "peer": true
    },
    "node_modules/@types/earcut": {
      "version": "2.1.4",
      "resolved": "https://registry.npmjs.org/@types/earcut/-/earcut-2.1.4.tgz",
      "integrity": "sha512-qp3m9PPz4gULB9MhjGID7wpo3gJ4bTGXm7ltNDsmOvsPduTeHp8wSW9YckBj3mljeOh4F0m2z/0JKAALRKbmLQ==",
      "peer": true
    },
    "node_modules/call-bind": {
      "version": "1.0.7",
      "resolved": "https://registry.npmjs.org/call-bind/-/call-bind-1.0.7.tgz",
      "integrity": "sha512-GHTSNSYICQ7scH7sZ+M2rFopRoLh8t2bLSW6BbgrtLsahOIB5iyAVJf9GjWK3cYTDaMj4XdBpM1cA6pIS0Kv2w==",
      "peer": true,
      "dependencies": {
        "es-define-property": "^1.0.0",
        "es-errors": "^1.3.0",
        "function-bind": "^1.1.2",
        "get-intrinsic": "^1.2.4",
        "set-function-length": "^1.2.1"
      },
      "engines": {
        "node": ">= 0.4"
      },
      "funding": {
        "url": "https://github.com/sponsors/ljharb"
      }
    },
    "node_modules/define-data-property": {
      "version": "1.1.4",
      "resolved": "https://registry.npmjs.org/define-data-property/-/define-data-property-1.1.4.tgz",
      "integrity": "sha512-rBMvIzlpA8v6E+SJZoo++HAYqsLrkg7MSfIinMPFhmkorw7X+dOXVJQs+QT69zGkzMyfDnIMN2Wid1+NbL3T+A==",
      "peer": true,
      "dependencies": {
        "es-define-property": "^1.0.0",
        "es-errors": "^1.3.0",
        "gopd": "^1.0.1"
      },
      "engines": {
        "node": ">= 0.4"
      },
      "funding": {
        "url": "https://github.com/sponsors/ljharb"
      }
    },
    "node_modules/earcut": {
      "version": "2.2.4",
      "resolved": "https://registry.npmjs.org/earcut/-/earcut-2.2.4.tgz",
      "integrity": "sha512-/pjZsA1b4RPHbeWZQn66SWS8nZZWLQQ23oE3Eam7aroEFGEvwKAsJfZ9ytiEMycfzXWpca4FA9QIOehf7PocBQ==",
      "peer": true
    },
    "node_modules/es-define-property": {
      "version": "1.0.0",
      "resolved": "https://registry.npmjs.org/es-define-property/-/es-define-property-1.0.0.tgz",
      "integrity": "sha512-jxayLKShrEqqzJ0eumQbVhTYQM27CfT1T35+gCgDFoL82JLsXqTJ76zv6A0YLOgEnLUMvLzsDsGIrl8NFpT2gQ==",
      "peer": true,
      "dependencies": {
        "get-intrinsic": "^1.2.4"
      },
      "engines": {
        "node": ">= 0.4"
      }
    },
    "node_modules/es-errors": {
      "version": "1.3.0",
      "resolved": "https://registry.npmjs.org/es-errors/-/es-errors-1.3.0.tgz",
      "integrity": "sha512-Zf5H2Kxt2xjTvbJvP2ZWLEICxA6j+hAmMzIlypy4xcBg1vKVnx89Wy0GbS+kf5cwCVFFzdCFh2XSCFNULS6csw==",
      "peer": true,
      "engines": {
        "node": ">= 0.4"
      }
    },
    "node_modules/eventemitter3": {
      "version": "4.0.7",
      "resolved": "https://registry.npmjs.org/eventemitter3/-/eventemitter3-4.0.7.tgz",
      "integrity": "sha512-8guHBZCwKnFhYdHr2ysuRWErTwhoN2X8XELRlrRwpmfeY2jjuUN4taQMsULKUVo1K4DvZl+0pgfyoysHxvmvEw==",
      "peer": true
    },
    "node_modules/function-bind": {
      "version": "1.1.2",
      "resolved": "https://registry.npmjs.org/function-bind/-/function-bind-1.1.2.tgz",
      "integrity": "sha512-7XHNxH7qX9xG5mIwxkhumTox/MIRNcOgDrxWsMt2pAr23WHp6MrRlN7FBSFpCpr+oVO0F744iUgR82nJMfG2SA==",
      "peer": true,
      "funding": {
        "url": "https://github.com/sponsors/ljharb"
      }
    },
    "node_modules/get-intrinsic": {
      "version": "1.2.4",
      "resolved": "https://registry.npmjs.org/get-intrinsic/-/get-intrinsic-1.2.4.tgz",
      "integrity": "sha512-5uYhsJH8VJBTv7oslg4BznJYhDoRI6waYCxMmCdnTrcCrHA/fCFKoTFz2JKKE0HdDFUF7/oQuhzumXJK7paBRQ==",
      "peer": true,
      "dependencies": {
        "es-errors": "^1.3.0",
        "function-bind": "^1.1.2",
        "has-proto": "^1.0.1",
        "has-symbols": "^1.0.3",
        "hasown": "^2.0.0"
      },
      "engines": {
        "node": ">= 0.4"
      },
      "funding": {
        "url": "https://github.com/sponsors/ljharb"
      }
    },
    "node_modules/gopd": {
      "version": "1.0.1",
      "resolved": "https://registry.npmjs.org/gopd/-/gopd-1.0.1.tgz",
      "integrity": "sha512-d65bNlIadxvpb/A2abVdlqKqV563juRnZ1Wtk6s1sIR8uNsXR70xqIzVqxVf1eTqDunwT2MkczEeaezCKTZhwA==",
      "peer": true,
      "dependencies": {
        "get-intrinsic": "^1.1.3"
      },
      "funding": {
        "url": "https://github.com/sponsors/ljharb"
      }
    },
    "node_modules/has-property-descriptors": {
      "version": "1.0.2",
      "resolved": "https://registry.npmjs.org/has-property-descriptors/-/has-property-descriptors-1.0.2.tgz",
      "integrity": "sha512-55JNKuIW+vq4Ke1BjOTjM2YctQIvCT7GFzHwmfZPGo5wnrgkid0YQtnAleFSqumZm4az3n2BS+erby5ipJdgrg==",
      "peer": true,
      "dependencies": {
        "es-define-property": "^1.0.0"
      },
      "funding": {
        "url": "https://github.com/sponsors/ljharb"
      }
    },
    "node_modules/has-proto": {
      "version": "1.0.1",
      "resolved": "https://registry.npmjs.org/has-proto/-/has-proto-1.0.1.tgz",
      "integrity": "sha512-7qE+iP+O+bgF9clE5+UoBFzE65mlBiVj3tKCrlNQ0Ogwm0BjpT/gK4SlLYDMybDh5I3TCTKnPPa0oMG7JDYrhg==",
      "peer": true,
      "engines": {
        "node": ">= 0.4"
      },
      "funding": {
        "url": "https://github.com/sponsors/ljharb"
      }
    },
    "node_modules/has-symbols": {
      "version": "1.0.3",
      "resolved": "https://registry.npmjs.org/has-symbols/-/has-symbols-1.0.3.tgz",
      "integrity": "sha512-l3LCuF6MgDNwTDKkdYGEihYjt5pRPbEg46rtlmnSPlUbgmB8LOIrKJbYYFBSbnPaJexMKtiPO8hmeRjRz2Td+A==",
      "peer": true,
      "engines": {
        "node": ">= 0.4"
      },
      "funding": {
        "url": "https://github.com/sponsors/ljharb"
      }
    },
    "node_modules/hasown": {
      "version": "2.0.1",
      "resolved": "https://registry.npmjs.org/hasown/-/hasown-2.0.1.tgz",
      "integrity": "sha512-1/th4MHjnwncwXsIW6QMzlvYL9kG5e/CpVvLRZe4XPa8TOUNbCELqmvhDmnkNsAjwaG4+I8gJJL0JBvTTLO9qA==",
      "peer": true,
      "dependencies": {
        "function-bind": "^1.1.2"
      },
      "engines": {
        "node": ">= 0.4"
      }
    },
    "node_modules/ismobilejs": {
      "version": "1.1.1",
      "resolved": "https://registry.npmjs.org/ismobilejs/-/ismobilejs-1.1.1.tgz",
      "integrity": "sha512-VaFW53yt8QO61k2WJui0dHf4SlL8lxBofUuUmwBo0ljPk0Drz2TiuDW4jo3wDcv41qy/SxrJ+VAzJ/qYqsmzRw==",
      "peer": true
    },
    "node_modules/object-inspect": {
      "version": "1.13.1",
      "resolved": "https://registry.npmjs.org/object-inspect/-/object-inspect-1.13.1.tgz",
      "integrity": "sha512-5qoj1RUiKOMsCCNLV1CBiPYE10sziTsnmNxkAI/rZhiD63CF7IqdFGC/XzjWjpSgLf0LxXX3bDFIh0E18f6UhQ==",
      "peer": true,
      "funding": {
        "url": "https://github.com/sponsors/ljharb"
      }
    },
    "node_modules/pixi-filters": {
      "version": "5.3.0",
      "resolved": "https://registry.npmjs.org/pixi-filters/-/pixi-filters-5.3.0.tgz",
      "integrity": "sha512-Dyop7gqgHl5Jc/Bm0QH0CQIDogdICp3hf2CihvgI4AvQebIotPY3yX2MZ/YUcE/7b2aIQQQ2CCt/uc2bBnLRAg==",
      "dependencies": {
        "@pixi/filter-adjustment": "5.1.1",
        "@pixi/filter-advanced-bloom": "5.1.1",
        "@pixi/filter-ascii": "5.1.1",
        "@pixi/filter-bevel": "5.1.1",
        "@pixi/filter-bloom": "5.1.1",
        "@pixi/filter-bulge-pinch": "5.1.1",
        "@pixi/filter-color-gradient": "5.3.0",
        "@pixi/filter-color-map": "5.1.1",
        "@pixi/filter-color-overlay": "5.1.1",
        "@pixi/filter-color-replace": "5.1.1",
        "@pixi/filter-convolution": "5.1.1",
        "@pixi/filter-cross-hatch": "5.1.1",
        "@pixi/filter-crt": "5.1.1",
        "@pixi/filter-dot": "5.1.1",
        "@pixi/filter-drop-shadow": "5.2.0",
        "@pixi/filter-emboss": "5.1.1",
        "@pixi/filter-glitch": "5.1.1",
        "@pixi/filter-glow": "5.2.1",
        "@pixi/filter-godray": "5.1.1",
        "@pixi/filter-grayscale": "5.1.1",
        "@pixi/filter-hsl-adjustment": "5.3.0",
        "@pixi/filter-kawase-blur": "5.1.1",
        "@pixi/filter-motion-blur": "5.1.1",
        "@pixi/filter-multi-color-replace": "5.1.1",
        "@pixi/filter-old-film": "5.1.1",
        "@pixi/filter-outline": "5.2.0",
        "@pixi/filter-pixelate": "5.1.1",
        "@pixi/filter-radial-blur": "5.1.1",
        "@pixi/filter-reflection": "5.1.1",
        "@pixi/filter-rgb-split": "5.1.1",
        "@pixi/filter-shockwave": "5.1.1",
        "@pixi/filter-simple-lightmap": "5.1.1",
        "@pixi/filter-tilt-shift": "5.2.0",
        "@pixi/filter-twist": "5.1.1",
        "@pixi/filter-zoom-blur": "5.1.1"
      }
    },
    "node_modules/punycode": {
      "version": "1.4.1",
      "resolved": "https://registry.npmjs.org/punycode/-/punycode-1.4.1.tgz",
      "integrity": "sha512-jmYNElW7yvO7TV33CjSmvSiE2yco3bV2czu/OzDKdMNVZQWfxCblURLhf+47syQRBntjfLdd/H0egrzIG+oaFQ==",
      "peer": true
    },
    "node_modules/qs": {
      "version": "6.11.2",
      "resolved": "https://registry.npmjs.org/qs/-/qs-6.11.2.tgz",
      "integrity": "sha512-tDNIz22aBzCDxLtVH++VnTfzxlfeK5CbqohpSqpJgj1Wg/cQbStNAz3NuqCs5vV+pjBsK4x4pN9HlVh7rcYRiA==",
      "peer": true,
      "dependencies": {
        "side-channel": "^1.0.4"
      },
      "engines": {
        "node": ">=0.6"
      },
      "funding": {
        "url": "https://github.com/sponsors/ljharb"
      }
    },
    "node_modules/set-function-length": {
      "version": "1.2.1",
      "resolved": "https://registry.npmjs.org/set-function-length/-/set-function-length-1.2.1.tgz",
      "integrity": "sha512-j4t6ccc+VsKwYHso+kElc5neZpjtq9EnRICFZtWyBsLojhmeF/ZBd/elqm22WJh/BziDe/SBiOeAt0m2mfLD0g==",
      "peer": true,
      "dependencies": {
        "define-data-property": "^1.1.2",
        "es-errors": "^1.3.0",
        "function-bind": "^1.1.2",
        "get-intrinsic": "^1.2.3",
        "gopd": "^1.0.1",
        "has-property-descriptors": "^1.0.1"
      },
      "engines": {
        "node": ">= 0.4"
      }
    },
    "node_modules/side-channel": {
      "version": "1.0.5",
      "resolved": "https://registry.npmjs.org/side-channel/-/side-channel-1.0.5.tgz",
      "integrity": "sha512-QcgiIWV4WV7qWExbN5llt6frQB/lBven9pqliLXfGPB+K9ZYXxDozp0wLkHS24kWCm+6YXH/f0HhnObZnZOBnQ==",
      "peer": true,
      "dependencies": {
        "call-bind": "^1.0.6",
        "es-errors": "^1.3.0",
        "get-intrinsic": "^1.2.4",
        "object-inspect": "^1.13.1"
      },
      "engines": {
        "node": ">= 0.4"
      },
      "funding": {
        "url": "https://github.com/sponsors/ljharb"
      }
    },
    "node_modules/url": {
      "version": "0.11.3",
      "resolved": "https://registry.npmjs.org/url/-/url-0.11.3.tgz",
      "integrity": "sha512-6hxOLGfZASQK/cijlZnZJTq8OXAkt/3YGfQX45vvMYXpZoo8NdWZcY73K108Jf759lS1Bv/8wXnHDTSz17dSRw==",
      "peer": true,
      "dependencies": {
        "punycode": "^1.4.1",
        "qs": "^6.11.2"
      }
    }
  }
}
